
Microsoft Visual Studio Solution File, Format Version 12.00
# Visual Studio Version 16
VisualStudioVersion = 16.0.30717.126
MinimumVisualStudioVersion = 10.0.40219.1
Project("{FAE04EC0-301F-11D3-BF4B-00C04F79EFBC}") = "TestServer", "TestServer\TestServer.csproj", "{C6B061F5-2A8C-4346-8EBA-AD4B2F13D367}"
EndProject
Global
	GlobalSection(SolutionConfigurationPlatforms) = preSolution
		Debug|Any CPU = Debug|Any CPU
		Release|Any CPU = Release|Any CPU
	EndGlobalSection
	GlobalSection(ProjectConfigurationPlatforms) = postSolution
		{C6B061F5-2A8C-4346-8EBA-AD4B2F13D367}.Debug|Any CPU.ActiveCfg = Debug|Any CPU
		{C6B061F5-2A8C-4346-8EBA-AD4B2F13D367}.Debug|Any CPU.Build.0 = Debug|Any CPU
		{C6B061F5-2A8C-4346-8EBA-AD4B2F13D367}.Release|Any CPU.ActiveCfg = Release|Any CPU
		{C6B061F5-2A8C-4346-8EBA-AD4B2F13D367}.Release|Any CPU.Build.0 = Release|Any CPU
	EndGlobalSection
	GlobalSection(SolutionProperties) = preSolution
		HideSolutionNode = FALSE
	EndGlobalSection
	GlobalSection(ExtensibilityGlobals) = postSolution
		SolutionGuid = {0B724F53-91A5-49CA-AF70-98EE50832B1E}
	EndGlobalSection
EndGlobal
