
Microsoft Visual Studio Solution File, Format Version 12.00
# Visual Studio Version 16
VisualStudioVersion = 16.0.30717.126
MinimumVisualStudioVersion = 10.0.40219.1
Project("{FAE04EC0-301F-11D3-BF4B-00C04F79EFBC}") = "TestServer", "TestServer\TestServer.csproj", "{06EA090A-9B4F-45F9-B03B-1B8E6087A26E}"
EndProject
Global
	GlobalSection(SolutionConfigurationPlatforms) = preSolution
		Debug|Any CPU = Debug|Any CPU
		Release|Any CPU = Release|Any CPU
	EndGlobalSection
	GlobalSection(ProjectConfigurationPlatforms) = postSolution
		{06EA090A-9B4F-45F9-B03B-1B8E6087A26E}.Debug|Any CPU.ActiveCfg = Debug|Any CPU
		{06EA090A-9B4F-45F9-B03B-1B8E6087A26E}.Debug|Any CPU.Build.0 = Debug|Any CPU
		{06EA090A-9B4F-45F9-B03B-1B8E6087A26E}.Release|Any CPU.ActiveCfg = Release|Any CPU
		{06EA090A-9B4F-45F9-B03B-1B8E6087A26E}.Release|Any CPU.Build.0 = Release|Any CPU
	EndGlobalSection
	GlobalSection(SolutionProperties) = preSolution
		HideSolutionNode = FALSE
	EndGlobalSection
	GlobalSection(ExtensibilityGlobals) = postSolution
		SolutionGuid = {3F0E9C8C-8AE3-4F4B-9FB4-73508A4907C8}
	EndGlobalSection
EndGlobal
